
Microsoft Visual Studio Solution File, Format Version 12.00
# Visual Studio Version 17
VisualStudioVersion = 17.2.32616.157
MinimumVisualStudioVersion = 10.0.40219.1
Project("{8BC9CEB8-8B4A-11D0-8D11-00A0C91BC942}") = "NNEDI3CL", "NNEDI3CL.vcxproj", "{60D42EBB-95FB-4B0F-BC16-8E07D3D622CF}"
EndProject
Global
	GlobalSection(SolutionConfigurationPlatforms) = preSolution
		Debug|x64 = Debug|x64
		Debug|x86 = Debug|x86
		Release|x64 = Release|x64
		Release|x86 = Release|x86
	EndGlobalSection
	GlobalSection(ProjectConfigurationPlatforms) = postSolution
		{60D42EBB-95FB-4B0F-BC16-8E07D3D622CF}.Debug|x64.ActiveCfg = Debug|x64
		{60D42EBB-95FB-4B0F-BC16-8E07D3D622CF}.Debug|x64.Build.0 = Debug|x64
		{60D42EBB-95FB-4B0F-BC16-8E07D3D622CF}.Debug|x86.ActiveCfg = Debug|Win32
		{60D42EBB-95FB-4B0F-BC16-8E07D3D622CF}.Debug|x86.Build.0 = Debug|Win32
		{60D42EBB-95FB-4B0F-BC16-8E07D3D622CF}.Release|x64.ActiveCfg = Release|x64
		{60D42EBB-95FB-4B0F-BC16-8E07D3D622CF}.Release|x64.Build.0 = Release|x64
		{60D42EBB-95FB-4B0F-BC16-8E07D3D622CF}.Release|x86.ActiveCfg = Release|Win32
		{60D42EBB-95FB-4B0F-BC16-8E07D3D622CF}.Release|x86.Build.0 = Release|Win32
	EndGlobalSection
	GlobalSection(SolutionProperties) = preSolution
		HideSolutionNode = FALSE
	EndGlobalSection
	GlobalSection(ExtensibilityGlobals) = postSolution
		SolutionGuid = {1B1230CA-2AA1-4CA2-9630-650B2CFE1241}
	EndGlobalSection
EndGlobal
